
Microsoft Visual Studio Solution File, Format Version 12.00
# Visual Studio Version 16
VisualStudioVersion = 16.0.30114.105
MinimumVisualStudioVersion = 10.0.40219.1
Project("{FAE04EC0-301F-11D3-BF4B-00C04F79EFBC}") = "oefening-01-test", "oefening-01-test\oefening-01-test.csproj", "{896EFFC0-817C-498B-9B61-D5437085F521}"
EndProject
Project("{FAE04EC0-301F-11D3-BF4B-00C04F79EFBC}") = "oefening-01-wpf", "oefening-01-wpf\oefening-01-wpf.csproj", "{0ED43085-2AC6-494C-BB5D-58A028163923}"
EndProject
Global
	GlobalSection(SolutionConfigurationPlatforms) = preSolution
		Debug|Any CPU = Debug|Any CPU
		Debug|x64 = Debug|x64
		Debug|x86 = Debug|x86
		Release|Any CPU = Release|Any CPU
		Release|x64 = Release|x64
		Release|x86 = Release|x86
	EndGlobalSection
	GlobalSection(SolutionProperties) = preSolution
		HideSolutionNode = FALSE
	EndGlobalSection
	GlobalSection(ProjectConfigurationPlatforms) = postSolution
		{896EFFC0-817C-498B-9B61-D5437085F521}.Debug|Any CPU.ActiveCfg = Debug|Any CPU
		{896EFFC0-817C-498B-9B61-D5437085F521}.Debug|Any CPU.Build.0 = Debug|Any CPU
		{896EFFC0-817C-498B-9B61-D5437085F521}.Debug|x64.ActiveCfg = Debug|Any CPU
		{896EFFC0-817C-498B-9B61-D5437085F521}.Debug|x64.Build.0 = Debug|Any CPU
		{896EFFC0-817C-498B-9B61-D5437085F521}.Debug|x86.ActiveCfg = Debug|Any CPU
		{896EFFC0-817C-498B-9B61-D5437085F521}.Debug|x86.Build.0 = Debug|Any CPU
		{896EFFC0-817C-498B-9B61-D5437085F521}.Release|Any CPU.ActiveCfg = Release|Any CPU
		{896EFFC0-817C-498B-9B61-D5437085F521}.Release|Any CPU.Build.0 = Release|Any CPU
		{896EFFC0-817C-498B-9B61-D5437085F521}.Release|x64.ActiveCfg = Release|Any CPU
		{896EFFC0-817C-498B-9B61-D5437085F521}.Release|x64.Build.0 = Release|Any CPU
		{896EFFC0-817C-498B-9B61-D5437085F521}.Release|x86.ActiveCfg = Release|Any CPU
		{896EFFC0-817C-498B-9B61-D5437085F521}.Release|x86.Build.0 = Release|Any CPU
		{0ED43085-2AC6-494C-BB5D-58A028163923}.Debug|Any CPU.ActiveCfg = Debug|Any CPU
		{0ED43085-2AC6-494C-BB5D-58A028163923}.Debug|Any CPU.Build.0 = Debug|Any CPU
		{0ED43085-2AC6-494C-BB5D-58A028163923}.Debug|x64.ActiveCfg = Debug|Any CPU
		{0ED43085-2AC6-494C-BB5D-58A028163923}.Debug|x64.Build.0 = Debug|Any CPU
		{0ED43085-2AC6-494C-BB5D-58A028163923}.Debug|x86.ActiveCfg = Debug|Any CPU
		{0ED43085-2AC6-494C-BB5D-58A028163923}.Debug|x86.Build.0 = Debug|Any CPU
		{0ED43085-2AC6-494C-BB5D-58A028163923}.Release|Any CPU.ActiveCfg = Release|Any CPU
		{0ED43085-2AC6-494C-BB5D-58A028163923}.Release|Any CPU.Build.0 = Release|Any CPU
		{0ED43085-2AC6-494C-BB5D-58A028163923}.Release|x64.ActiveCfg = Release|Any CPU
		{0ED43085-2AC6-494C-BB5D-58A028163923}.Release|x64.Build.0 = Release|Any CPU
		{0ED43085-2AC6-494C-BB5D-58A028163923}.Release|x86.ActiveCfg = Release|Any CPU
		{0ED43085-2AC6-494C-BB5D-58A028163923}.Release|x86.Build.0 = Release|Any CPU
	EndGlobalSection
EndGlobal
