
Microsoft Visual Studio Solution File, Format Version 12.00
# Visual Studio Version 16
VisualStudioVersion = 16.0.31515.178
MinimumVisualStudioVersion = 10.0.40219.1
Project("{FAE04EC0-301F-11D3-BF4B-00C04F79EFBC}") = "oefening-02", "oefening-02\oefening-02.csproj", "{C4726774-3C88-42B4-88AD-F5E6A631A053}"
EndProject
Project("{FAE04EC0-301F-11D3-BF4B-00C04F79EFBC}") = "oefening-02-test", "oefening-02-test\oefening-02-test.csproj", "{13D13292-CFCA-45AF-B1E8-235F3AE1AB00}"
EndProject
Global
	GlobalSection(SolutionConfigurationPlatforms) = preSolution
		Debug|Any CPU = Debug|Any CPU
		Release|Any CPU = Release|Any CPU
	EndGlobalSection
	GlobalSection(ProjectConfigurationPlatforms) = postSolution
		{C4726774-3C88-42B4-88AD-F5E6A631A053}.Debug|Any CPU.ActiveCfg = Debug|Any CPU
		{C4726774-3C88-42B4-88AD-F5E6A631A053}.Debug|Any CPU.Build.0 = Debug|Any CPU
		{C4726774-3C88-42B4-88AD-F5E6A631A053}.Release|Any CPU.ActiveCfg = Release|Any CPU
		{C4726774-3C88-42B4-88AD-F5E6A631A053}.Release|Any CPU.Build.0 = Release|Any CPU
		{13D13292-CFCA-45AF-B1E8-235F3AE1AB00}.Debug|Any CPU.ActiveCfg = Debug|Any CPU
		{13D13292-CFCA-45AF-B1E8-235F3AE1AB00}.Debug|Any CPU.Build.0 = Debug|Any CPU
		{13D13292-CFCA-45AF-B1E8-235F3AE1AB00}.Release|Any CPU.ActiveCfg = Release|Any CPU
		{13D13292-CFCA-45AF-B1E8-235F3AE1AB00}.Release|Any CPU.Build.0 = Release|Any CPU
	EndGlobalSection
	GlobalSection(SolutionProperties) = preSolution
		HideSolutionNode = FALSE
	EndGlobalSection
	GlobalSection(ExtensibilityGlobals) = postSolution
		SolutionGuid = {C549FBA7-1044-485F-A1ED-98B6DEF7C269}
	EndGlobalSection
EndGlobal
